
Microsoft Visual Studio Solution File, Format Version 12.00
# Visual Studio 15
VisualStudioVersion = 15.0.27130.2026
MinimumVisualStudioVersion = 10.0.40219.1
Project("{9A19103F-16F7-4668-BE54-9A1E7A4F7556}") = "XFPrismDemo", "XFPrismDemo\XFPrismDemo\XFPrismDemo.csproj", "{3572EA8D-2DF6-4BC7-9C01-F4550E912DD3}"
EndProject
Project("{FAE04EC0-301F-11D3-BF4B-00C04F79EFBC}") = "XFPrismDemo.Android", "XFPrismDemo\XFPrismDemo.Android\XFPrismDemo.Android.csproj", "{00635677-6095-4DB9-91B9-634E92149459}"
EndProject
Project("{FAE04EC0-301F-11D3-BF4B-00C04F79EFBC}") = "XFPrismDemo.iOS", "XFPrismDemo\XFPrismDemo.iOS\XFPrismDemo.iOS.csproj", "{050EFCEE-58F9-449F-94A3-ED28F7A3B4D1}"
EndProject
Project("{2150E333-8FDC-42A3-9474-1A3956D46DE8}") = "Tests", "Tests", "{CAABCA90-26E3-401A-A4F7-95740A4A082C}"
EndProject
Project("{FAE04EC0-301F-11D3-BF4B-00C04F79EFBC}") = "XFPrismDemo.Tests", "XFPrismDemo\XFPrismDemo.Tests\XFPrismDemo.Tests.csproj", "{2DA727E9-B2F0-437E-AA97-C692946ADFC2}"
EndProject
Global
	GlobalSection(SolutionConfigurationPlatforms) = preSolution
		Ad-Hoc|Any CPU = Ad-Hoc|Any CPU
		Ad-Hoc|iPhone = Ad-Hoc|iPhone
		Ad-Hoc|iPhoneSimulator = Ad-Hoc|iPhoneSimulator
		AppStore|Any CPU = AppStore|Any CPU
		AppStore|iPhone = AppStore|iPhone
		AppStore|iPhoneSimulator = AppStore|iPhoneSimulator
		Debug|Any CPU = Debug|Any CPU
		Debug|iPhone = Debug|iPhone
		Debug|iPhoneSimulator = Debug|iPhoneSimulator
		Release|Any CPU = Release|Any CPU
		Release|iPhone = Release|iPhone
		Release|iPhoneSimulator = Release|iPhoneSimulator
	EndGlobalSection
	GlobalSection(ProjectConfigurationPlatforms) = postSolution
		{3572EA8D-2DF6-4BC7-9C01-F4550E912DD3}.Ad-Hoc|Any CPU.ActiveCfg = Debug|Any CPU
		{3572EA8D-2DF6-4BC7-9C01-F4550E912DD3}.Ad-Hoc|Any CPU.Build.0 = Debug|Any CPU
		{3572EA8D-2DF6-4BC7-9C01-F4550E912DD3}.Ad-Hoc|iPhone.ActiveCfg = Debug|Any CPU
		{3572EA8D-2DF6-4BC7-9C01-F4550E912DD3}.Ad-Hoc|iPhone.Build.0 = Debug|Any CPU
		{3572EA8D-2DF6-4BC7-9C01-F4550E912DD3}.Ad-Hoc|iPhoneSimulator.ActiveCfg = Debug|Any CPU
		{3572EA8D-2DF6-4BC7-9C01-F4550E912DD3}.Ad-Hoc|iPhoneSimulator.Build.0 = Debug|Any CPU
		{3572EA8D-2DF6-4BC7-9C01-F4550E912DD3}.AppStore|Any CPU.ActiveCfg = Debug|Any CPU
		{3572EA8D-2DF6-4BC7-9C01-F4550E912DD3}.AppStore|Any CPU.Build.0 = Debug|Any CPU
		{3572EA8D-2DF6-4BC7-9C01-F4550E912DD3}.AppStore|iPhone.ActiveCfg = Debug|Any CPU
		{3572EA8D-2DF6-4BC7-9C01-F4550E912DD3}.AppStore|iPhone.Build.0 = Debug|Any CPU
		{3572EA8D-2DF6-4BC7-9C01-F4550E912DD3}.AppStore|iPhoneSimulator.ActiveCfg = Debug|Any CPU
		{3572EA8D-2DF6-4BC7-9C01-F4550E912DD3}.AppStore|iPhoneSimulator.Build.0 = Debug|Any CPU
		{3572EA8D-2DF6-4BC7-9C01-F4550E912DD3}.Debug|Any CPU.ActiveCfg = Debug|Any CPU
		{3572EA8D-2DF6-4BC7-9C01-F4550E912DD3}.Debug|Any CPU.Build.0 = Debug|Any CPU
		{3572EA8D-2DF6-4BC7-9C01-F4550E912DD3}.Debug|iPhone.ActiveCfg = Debug|Any CPU
		{3572EA8D-2DF6-4BC7-9C01-F4550E912DD3}.Debug|iPhone.Build.0 = Debug|Any CPU
		{3572EA8D-2DF6-4BC7-9C01-F4550E912DD3}.Debug|iPhoneSimulator.ActiveCfg = Debug|Any CPU
		{3572EA8D-2DF6-4BC7-9C01-F4550E912DD3}.Debug|iPhoneSimulator.Build.0 = Debug|Any CPU
		{3572EA8D-2DF6-4BC7-9C01-F4550E912DD3}.Release|Any CPU.ActiveCfg = Release|Any CPU
		{3572EA8D-2DF6-4BC7-9C01-F4550E912DD3}.Release|Any CPU.Build.0 = Release|Any CPU
		{3572EA8D-2DF6-4BC7-9C01-F4550E912DD3}.Release|iPhone.ActiveCfg = Release|Any CPU
		{3572EA8D-2DF6-4BC7-9C01-F4550E912DD3}.Release|iPhone.Build.0 = Release|Any CPU
		{3572EA8D-2DF6-4BC7-9C01-F4550E912DD3}.Release|iPhoneSimulator.ActiveCfg = Release|Any CPU
		{3572EA8D-2DF6-4BC7-9C01-F4550E912DD3}.Release|iPhoneSimulator.Build.0 = Release|Any CPU
		{00635677-6095-4DB9-91B9-634E92149459}.Ad-Hoc|Any CPU.ActiveCfg = Release|Any CPU
		{00635677-6095-4DB9-91B9-634E92149459}.Ad-Hoc|Any CPU.Build.0 = Release|Any CPU
		{00635677-6095-4DB9-91B9-634E92149459}.Ad-Hoc|Any CPU.Deploy.0 = Release|Any CPU
		{00635677-6095-4DB9-91B9-634E92149459}.Ad-Hoc|iPhone.ActiveCfg = Release|Any CPU
		{00635677-6095-4DB9-91B9-634E92149459}.Ad-Hoc|iPhone.Build.0 = Release|Any CPU
		{00635677-6095-4DB9-91B9-634E92149459}.Ad-Hoc|iPhone.Deploy.0 = Release|Any CPU
		{00635677-6095-4DB9-91B9-634E92149459}.Ad-Hoc|iPhoneSimulator.ActiveCfg = Release|Any CPU
		{00635677-6095-4DB9-91B9-634E92149459}.Ad-Hoc|iPhoneSimulator.Build.0 = Release|Any CPU
		{00635677-6095-4DB9-91B9-634E92149459}.Ad-Hoc|iPhoneSimulator.Deploy.0 = Release|Any CPU
		{00635677-6095-4DB9-91B9-634E92149459}.AppStore|Any CPU.ActiveCfg = Release|Any CPU
		{00635677-6095-4DB9-91B9-634E92149459}.AppStore|Any CPU.Build.0 = Release|Any CPU
		{00635677-6095-4DB9-91B9-634E92149459}.AppStore|Any CPU.Deploy.0 = Release|Any CPU
		{00635677-6095-4DB9-91B9-634E92149459}.AppStore|iPhone.ActiveCfg = Release|Any CPU
		{00635677-6095-4DB9-91B9-634E92149459}.AppStore|iPhone.Build.0 = Release|Any CPU
		{00635677-6095-4DB9-91B9-634E92149459}.AppStore|iPhone.Deploy.0 = Release|Any CPU
		{00635677-6095-4DB9-91B9-634E92149459}.AppStore|iPhoneSimulator.ActiveCfg = Release|Any CPU
		{00635677-6095-4DB9-91B9-634E92149459}.AppStore|iPhoneSimulator.Build.0 = Release|Any CPU
		{00635677-6095-4DB9-91B9-634E92149459}.AppStore|iPhoneSimulator.Deploy.0 = Release|Any CPU
		{00635677-6095-4DB9-91B9-634E92149459}.Debug|Any CPU.ActiveCfg = Debug|Any CPU
		{00635677-6095-4DB9-91B9-634E92149459}.Debug|Any CPU.Build.0 = Debug|Any CPU
		{00635677-6095-4DB9-91B9-634E92149459}.Debug|Any CPU.Deploy.0 = Debug|Any CPU
		{00635677-6095-4DB9-91B9-634E92149459}.Debug|iPhone.ActiveCfg = Debug|Any CPU
		{00635677-6095-4DB9-91B9-634E92149459}.Debug|iPhone.Build.0 = Debug|Any CPU
		{00635677-6095-4DB9-91B9-634E92149459}.Debug|iPhone.Deploy.0 = Debug|Any CPU
		{00635677-6095-4DB9-91B9-634E92149459}.Debug|iPhoneSimulator.ActiveCfg = Debug|Any CPU
		{00635677-6095-4DB9-91B9-634E92149459}.Debug|iPhoneSimulator.Build.0 = Debug|Any CPU
		{00635677-6095-4DB9-91B9-634E92149459}.Debug|iPhoneSimulator.Deploy.0 = Debug|Any CPU
		{00635677-6095-4DB9-91B9-634E92149459}.Release|Any CPU.ActiveCfg = Release|Any CPU
		{00635677-6095-4DB9-91B9-634E92149459}.Release|Any CPU.Build.0 = Release|Any CPU
		{00635677-6095-4DB9-91B9-634E92149459}.Release|Any CPU.Deploy.0 = Release|Any CPU
		{00635677-6095-4DB9-91B9-634E92149459}.Release|iPhone.ActiveCfg = Release|Any CPU
		{00635677-6095-4DB9-91B9-634E92149459}.Release|iPhone.Build.0 = Release|Any CPU
		{00635677-6095-4DB9-91B9-634E92149459}.Release|iPhone.Deploy.0 = Release|Any CPU
		{00635677-6095-4DB9-91B9-634E92149459}.Release|iPhoneSimulator.ActiveCfg = Release|Any CPU
		{00635677-6095-4DB9-91B9-634E92149459}.Release|iPhoneSimulator.Build.0 = Release|Any CPU
		{00635677-6095-4DB9-91B9-634E92149459}.Release|iPhoneSimulator.Deploy.0 = Release|Any CPU
		{050EFCEE-58F9-449F-94A3-ED28F7A3B4D1}.Ad-Hoc|Any CPU.ActiveCfg = Ad-Hoc|iPhone
		{050EFCEE-58F9-449F-94A3-ED28F7A3B4D1}.Ad-Hoc|iPhone.ActiveCfg = Ad-Hoc|iPhone
		{050EFCEE-58F9-449F-94A3-ED28F7A3B4D1}.Ad-Hoc|iPhone.Build.0 = Ad-Hoc|iPhone
		{050EFCEE-58F9-449F-94A3-ED28F7A3B4D1}.Ad-Hoc|iPhoneSimulator.ActiveCfg = Ad-Hoc|iPhoneSimulator
		{050EFCEE-58F9-449F-94A3-ED28F7A3B4D1}.Ad-Hoc|iPhoneSimulator.Build.0 = Ad-Hoc|iPhoneSimulator
		{050EFCEE-58F9-449F-94A3-ED28F7A3B4D1}.AppStore|Any CPU.ActiveCfg = AppStore|iPhone
		{050EFCEE-58F9-449F-94A3-ED28F7A3B4D1}.AppStore|iPhone.ActiveCfg = AppStore|iPhone
		{050EFCEE-58F9-449F-94A3-ED28F7A3B4D1}.AppStore|iPhone.Build.0 = AppStore|iPhone
		{050EFCEE-58F9-449F-94A3-ED28F7A3B4D1}.AppStore|iPhoneSimulator.ActiveCfg = AppStore|iPhoneSimulator
		{050EFCEE-58F9-449F-94A3-ED28F7A3B4D1}.AppStore|iPhoneSimulator.Build.0 = AppStore|iPhoneSimulator
		{050EFCEE-58F9-449F-94A3-ED28F7A3B4D1}.Debug|Any CPU.ActiveCfg = Debug|iPhone
		{050EFCEE-58F9-449F-94A3-ED28F7A3B4D1}.Debug|iPhone.ActiveCfg = Debug|iPhone
		{050EFCEE-58F9-449F-94A3-ED28F7A3B4D1}.Debug|iPhone.Build.0 = Debug|iPhone
		{050EFCEE-58F9-449F-94A3-ED28F7A3B4D1}.Debug|iPhoneSimulator.ActiveCfg = Debug|iPhoneSimulator
		{050EFCEE-58F9-449F-94A3-ED28F7A3B4D1}.Debug|iPhoneSimulator.Build.0 = Debug|iPhoneSimulator
		{050EFCEE-58F9-449F-94A3-ED28F7A3B4D1}.Release|Any CPU.ActiveCfg = Release|iPhone
		{050EFCEE-58F9-449F-94A3-ED28F7A3B4D1}.Release|iPhone.ActiveCfg = Release|iPhone
		{050EFCEE-58F9-449F-94A3-ED28F7A3B4D1}.Release|iPhone.Build.0 = Release|iPhone
		{050EFCEE-58F9-449F-94A3-ED28F7A3B4D1}.Release|iPhoneSimulator.ActiveCfg = Release|iPhoneSimulator
		{050EFCEE-58F9-449F-94A3-ED28F7A3B4D1}.Release|iPhoneSimulator.Build.0 = Release|iPhoneSimulator
		{2DA727E9-B2F0-437E-AA97-C692946ADFC2}.Ad-Hoc|Any CPU.ActiveCfg = Release|Any CPU
		{2DA727E9-B2F0-437E-AA97-C692946ADFC2}.Ad-Hoc|Any CPU.Build.0 = Release|Any CPU
		{2DA727E9-B2F0-437E-AA97-C692946ADFC2}.Ad-Hoc|iPhone.ActiveCfg = Release|Any CPU
		{2DA727E9-B2F0-437E-AA97-C692946ADFC2}.Ad-Hoc|iPhone.Build.0 = Release|Any CPU
		{2DA727E9-B2F0-437E-AA97-C692946ADFC2}.Ad-Hoc|iPhoneSimulator.ActiveCfg = Release|Any CPU
		{2DA727E9-B2F0-437E-AA97-C692946ADFC2}.Ad-Hoc|iPhoneSimulator.Build.0 = Release|Any CPU
		{2DA727E9-B2F0-437E-AA97-C692946ADFC2}.AppStore|Any CPU.ActiveCfg = Release|Any CPU
		{2DA727E9-B2F0-437E-AA97-C692946ADFC2}.AppStore|Any CPU.Build.0 = Release|Any CPU
		{2DA727E9-B2F0-437E-AA97-C692946ADFC2}.AppStore|iPhone.ActiveCfg = Release|Any CPU
		{2DA727E9-B2F0-437E-AA97-C692946ADFC2}.AppStore|iPhone.Build.0 = Release|Any CPU
		{2DA727E9-B2F0-437E-AA97-C692946ADFC2}.AppStore|iPhoneSimulator.ActiveCfg = Release|Any CPU
		{2DA727E9-B2F0-437E-AA97-C692946ADFC2}.AppStore|iPhoneSimulator.Build.0 = Release|Any CPU
		{2DA727E9-B2F0-437E-AA97-C692946ADFC2}.Debug|Any CPU.ActiveCfg = Debug|Any CPU
		{2DA727E9-B2F0-437E-AA97-C692946ADFC2}.Debug|Any CPU.Build.0 = Debug|Any CPU
		{2DA727E9-B2F0-437E-AA97-C692946ADFC2}.Debug|iPhone.ActiveCfg = Debug|Any CPU
		{2DA727E9-B2F0-437E-AA97-C692946ADFC2}.Debug|iPhone.Build.0 = Debug|Any CPU
		{2DA727E9-B2F0-437E-AA97-C692946ADFC2}.Debug|iPhoneSimulator.ActiveCfg = Debug|Any CPU
		{2DA727E9-B2F0-437E-AA97-C692946ADFC2}.Debug|iPhoneSimulator.Build.0 = Debug|Any CPU
		{2DA727E9-B2F0-437E-AA97-C692946ADFC2}.Release|Any CPU.ActiveCfg = Release|Any CPU
		{2DA727E9-B2F0-437E-AA97-C692946ADFC2}.Release|Any CPU.Build.0 = Release|Any CPU
		{2DA727E9-B2F0-437E-AA97-C692946ADFC2}.Release|iPhone.ActiveCfg = Release|Any CPU
		{2DA727E9-B2F0-437E-AA97-C692946ADFC2}.Release|iPhone.Build.0 = Release|Any CPU
		{2DA727E9-B2F0-437E-AA97-C692946ADFC2}.Release|iPhoneSimulator.ActiveCfg = Release|Any CPU
		{2DA727E9-B2F0-437E-AA97-C692946ADFC2}.Release|iPhoneSimulator.Build.0 = Release|Any CPU
	EndGlobalSection
	GlobalSection(SolutionProperties) = preSolution
		HideSolutionNode = FALSE
	EndGlobalSection
	GlobalSection(NestedProjects) = preSolution
		{2DA727E9-B2F0-437E-AA97-C692946ADFC2} = {CAABCA90-26E3-401A-A4F7-95740A4A082C}
	EndGlobalSection
	GlobalSection(ExtensibilityGlobals) = postSolution
		SolutionGuid = {0347CFF4-7F03-4DEA-8E17-640EFDD717BF}
	EndGlobalSection
EndGlobal
